// !$*UTF8*$!
{
	archiveVersion = 1;
	classes = {
	};
	objectVersion = 55;
	objects = {

/* Begin PBXBuildFile section */
		92B1455A27FBA70F00FEA13A /* BindingExtension.swift in Sources */ = {isa = PBXBuildFile; fileRef = 92B1455927FBA70F00FEA13A /* BindingExtension.swift */; };
		92B1455C27FBAD4700FEA13A /* ComparableExtension.swift in Sources */ = {isa = PBXBuildFile; fileRef = 92B1455B27FBAD4700FEA13A /* ComparableExtension.swift */; };
		92B9CC6A27FA5E9000EAB14D /* FilterTheWorldApp.swift in Sources */ = {isa = PBXBuildFile; fileRef = 92B9CC6927FA5E9000EAB14D /* FilterTheWorldApp.swift */; };
		92B9CC6C27FA5E9000EAB14D /* ContentView.swift in Sources */ = {isa = PBXBuildFile; fileRef = 92B9CC6B27FA5E9000EAB14D /* ContentView.swift */; };
		92B9CC6E27FA5E9000EAB14D /* Assets.xcassets in Resources */ = {isa = PBXBuildFile; fileRef = 92B9CC6D27FA5E9000EAB14D /* Assets.xcassets */; };
		92B9CC7127FA5E9000EAB14D /* Preview Assets.xcassets in Resources */ = {isa = PBXBuildFile; fileRef = 92B9CC7027FA5E9000EAB14D /* Preview Assets.xcassets */; };
		92B9CC7927FA726600EAB14D /* CameraError.swift in Sources */ = {isa = PBXBuildFile; fileRef = 92B9CC7827FA726600EAB14D /* CameraError.swift */; };
		92B9CC7C27FA728200EAB14D /* CGImageExtension.swift in Sources */ = {isa = PBXBuildFile; fileRef = 92B9CC7B27FA728200EAB14D /* CGImageExtension.swift */; };
		92B9CC7F27FA731500EAB14D /* FrameView.swift in Sources */ = {isa = PBXBuildFile; fileRef = 92B9CC7E27FA731500EAB14D /* FrameView.swift */; };
		92B9CC8127FA75A200EAB14D /* CameraManager.swift in Sources */ = {isa = PBXBuildFile; fileRef = 92B9CC8027FA75A200EAB14D /* CameraManager.swift */; };
		92B9CC8527FA7EDD00EAB14D /* FrameManager.swift in Sources */ = {isa = PBXBuildFile; fileRef = 92B9CC8427FA7EDD00EAB14D /* FrameManager.swift */; };
		92B9CC8827FA82E500EAB14D /* ContentViewModel.swift in Sources */ = {isa = PBXBuildFile; fileRef = 92B9CC8727FA82E500EAB14D /* ContentViewModel.swift */; };
		92B9CC8A27FA872B00EAB14D /* ErrorView.swift in Sources */ = {isa = PBXBuildFile; fileRef = 92B9CC8927FA872B00EAB14D /* ErrorView.swift */; };
		92B9CC8C27FA87AC00EAB14D /* ControlView.swift in Sources */ = {isa = PBXBuildFile; fileRef = 92B9CC8B27FA87AC00EAB14D /* ControlView.swift */; };
		92B9CC8E27FA87C900EAB14D /* ToggleButton.swift in Sources */ = {isa = PBXBuildFile; fileRef = 92B9CC8D27FA87C900EAB14D /* ToggleButton.swift */; };
		92B9CC9027FA9C5600EAB14D /* MotionManager.swift in Sources */ = {isa = PBXBuildFile; fileRef = 92B9CC8F27FA9C5600EAB14D /* MotionManager.swift */; };
/* End PBXBuildFile section */

/* Begin PBXFileReference section */
		92B1455927FBA70F00FEA13A /* BindingExtension.swift */ = {isa = PBXFileReference; lastKnownFileType = sourcecode.swift; path = BindingExtension.swift; sourceTree = "<group>"; };
		92B1455B27FBAD4700FEA13A /* ComparableExtension.swift */ = {isa = PBXFileReference; lastKnownFileType = sourcecode.swift; path = ComparableExtension.swift; sourceTree = "<group>"; };
		92B9CC6627FA5E9000EAB14D /* FilterTheWorld.app */ = {isa = PBXFileReference; explicitFileType = wrapper.application; includeInIndex = 0; path = FilterTheWorld.app; sourceTree = BUILT_PRODUCTS_DIR; };
		92B9CC6927FA5E9000EAB14D /* FilterTheWorldApp.swift */ = {isa = PBXFileReference; lastKnownFileType = sourcecode.swift; path = FilterTheWorldApp.swift; sourceTree = "<group>"; };
		92B9CC6B27FA5E9000EAB14D /* ContentView.swift */ = {isa = PBXFileReference; lastKnownFileType = sourcecode.swift; path = ContentView.swift; sourceTree = "<group>"; };
		92B9CC6D27FA5E9000EAB14D /* Assets.xcassets */ = {isa = PBXFileReference; lastKnownFileType = folder.assetcatalog; path = Assets.xcassets; sourceTree = "<group>"; };
		92B9CC7027FA5E9000EAB14D /* Preview Assets.xcassets */ = {isa = PBXFileReference; lastKnownFileType = folder.assetcatalog; path = "Preview Assets.xcassets"; sourceTree = "<group>"; };
		92B9CC7827FA726600EAB14D /* CameraError.swift */ = {isa = PBXFileReference; fileEncoding = 4; lastKnownFileType = sourcecode.swift; path = CameraError.swift; sourceTree = "<group>"; };
		92B9CC7B27FA728200EAB14D /* CGImageExtension.swift */ = {isa = PBXFileReference; fileEncoding = 4; lastKnownFileType = sourcecode.swift; path = CGImageExtension.swift; sourceTree = "<group>"; };
		92B9CC7E27FA731500EAB14D /* FrameView.swift */ = {isa = PBXFileReference; lastKnownFileType = sourcecode.swift; path = FrameView.swift; sourceTree = "<group>"; };
		92B9CC8027FA75A200EAB14D /* CameraManager.swift */ = {isa = PBXFileReference; lastKnownFileType = sourcecode.swift; path = CameraManager.swift; sourceTree = "<group>"; };
		92B9CC8427FA7EDD00EAB14D /* FrameManager.swift */ = {isa = PBXFileReference; lastKnownFileType = sourcecode.swift; path = FrameManager.swift; sourceTree = "<group>"; };
		92B9CC8727FA82E500EAB14D /* ContentViewModel.swift */ = {isa = PBXFileReference; lastKnownFileType = sourcecode.swift; path = ContentViewModel.swift; sourceTree = "<group>"; };
		92B9CC8927FA872B00EAB14D /* ErrorView.swift */ = {isa = PBXFileReference; fileEncoding = 4; lastKnownFileType = sourcecode.swift; path = ErrorView.swift; sourceTree = "<group>"; };
		92B9CC8B27FA87AC00EAB14D /* ControlView.swift */ = {isa = PBXFileReference; fileEncoding = 4; lastKnownFileType = sourcecode.swift; path = ControlView.swift; sourceTree = "<group>"; };
		92B9CC8D27FA87C900EAB14D /* ToggleButton.swift */ = {isa = PBXFileReference; fileEncoding = 4; lastKnownFileType = sourcecode.swift; path = ToggleButton.swift; sourceTree = "<group>"; };
		92B9CC8F27FA9C5600EAB14D /* MotionManager.swift */ = {isa = PBXFileReference; lastKnownFileType = sourcecode.swift; path = MotionManager.swift; sourceTree = "<group>"; };
/* End PBXFileReference section */

/* Begin PBXFrameworksBuildPhase section */
		92B9CC6327FA5E9000EAB14D /* Frameworks */ = {
			isa = PBXFrameworksBuildPhase;
			buildActionMask = 2147483647;
			files = (
			);
			runOnlyForDeploymentPostprocessing = 0;
		};
/* End PBXFrameworksBuildPhase section */

/* Begin PBXGroup section */
		92B9CC5D27FA5E9000EAB14D = {
			isa = PBXGroup;
			children = (
				92B9CC8F27FA9C5600EAB14D /* MotionManager.swift */,
				92B9CC6827FA5E9000EAB14D /* FilterTheWorld */,
				92B9CC6727FA5E9000EAB14D /* Products */,
			);
			sourceTree = "<group>";
		};
		92B9CC6727FA5E9000EAB14D /* Products */ = {
			isa = PBXGroup;
			children = (
				92B9CC6627FA5E9000EAB14D /* FilterTheWorld.app */,
			);
			name = Products;
			sourceTree = "<group>";
		};
		92B9CC6827FA5E9000EAB14D /* FilterTheWorld */ = {
			isa = PBXGroup;
			children = (
				92B9CC8627FA82CD00EAB14D /* ViewModels */,
				92B9CC7D27FA72B800EAB14D /* Views */,
				92B9CC7A27FA727700EAB14D /* Extensions */,
				92B9CC7727FA725A00EAB14D /* Camera */,
				92B9CC6927FA5E9000EAB14D /* FilterTheWorldApp.swift */,
				92B9CC6D27FA5E9000EAB14D /* Assets.xcassets */,
				92B9CC6F27FA5E9000EAB14D /* Preview Content */,
			);
			path = FilterTheWorld;
			sourceTree = "<group>";
		};
		92B9CC6F27FA5E9000EAB14D /* Preview Content */ = {
			isa = PBXGroup;
			children = (
				92B9CC7027FA5E9000EAB14D /* Preview Assets.xcassets */,
			);
			path = "Preview Content";
			sourceTree = "<group>";
		};
		92B9CC7727FA725A00EAB14D /* Camera */ = {
			isa = PBXGroup;
			children = (
				92B9CC7827FA726600EAB14D /* CameraError.swift */,
				92B9CC8027FA75A200EAB14D /* CameraManager.swift */,
				92B9CC8427FA7EDD00EAB14D /* FrameManager.swift */,
			);
			path = Camera;
			sourceTree = "<group>";
		};
		92B9CC7A27FA727700EAB14D /* Extensions */ = {
			isa = PBXGroup;
			children = (
				92B9CC7B27FA728200EAB14D /* CGImageExtension.swift */,
				92B1455927FBA70F00FEA13A /* BindingExtension.swift */,
				92B1455B27FBAD4700FEA13A /* ComparableExtension.swift */,
			);
			path = Extensions;
			sourceTree = "<group>";
		};
		92B9CC7D27FA72B800EAB14D /* Views */ = {
			isa = PBXGroup;
			children = (
				92B9CC8927FA872B00EAB14D /* ErrorView.swift */,
				92B9CC6B27FA5E9000EAB14D /* ContentView.swift */,
				92B9CC8B27FA87AC00EAB14D /* ControlView.swift */,
				92B9CC7E27FA731500EAB14D /* FrameView.swift */,
				92B9CC8D27FA87C900EAB14D /* ToggleButton.swift */,
			);
			path = Views;
			sourceTree = "<group>";
		};
		92B9CC8627FA82CD00EAB14D /* ViewModels */ = {
			isa = PBXGroup;
			children = (
				92B9CC8727FA82E500EAB14D /* ContentViewModel.swift */,
			);
			path = ViewModels;
			sourceTree = "<group>";
		};
/* End PBXGroup section */

/* Begin PBXNativeTarget section */
		92B9CC6527FA5E9000EAB14D /* FilterTheWorld */ = {
			isa = PBXNativeTarget;
			buildConfigurationList = 92B9CC7427FA5E9000EAB14D /* Build configuration list for PBXNativeTarget "FilterTheWorld" */;
			buildPhases = (
				92B9CC6227FA5E9000EAB14D /* Sources */,
				92B9CC6327FA5E9000EAB14D /* Frameworks */,
				92B9CC6427FA5E9000EAB14D /* Resources */,
			);
			buildRules = (
			);
			dependencies = (
			);
			name = FilterTheWorld;
			productName = FilterTheWorld;
			productReference = 92B9CC6627FA5E9000EAB14D /* FilterTheWorld.app */;
			productType = "com.apple.product-type.application";
		};
/* End PBXNativeTarget section */

/* Begin PBXProject section */
		92B9CC5E27FA5E9000EAB14D /* Project object */ = {
			isa = PBXProject;
			attributes = {
				BuildIndependentTargetsInParallel = 1;
				LastSwiftUpdateCheck = 1330;
				LastUpgradeCheck = 1330;
				TargetAttributes = {
					92B9CC6527FA5E9000EAB14D = {
						CreatedOnToolsVersion = 13.3;
					};
				};
			};
			buildConfigurationList = 92B9CC6127FA5E9000EAB14D /* Build configuration list for PBXProject "FilterTheWorld" */;
			compatibilityVersion = "Xcode 13.0";
			developmentRegion = en;
			hasScannedForEncodings = 0;
			knownRegions = (
				en,
				Base,
			);
			mainGroup = 92B9CC5D27FA5E9000EAB14D;
			productRefGroup = 92B9CC6727FA5E9000EAB14D /* Products */;
			projectDirPath = "";
			projectRoot = "";
			targets = (
				92B9CC6527FA5E9000EAB14D /* FilterTheWorld */,
			);
		};
/* End PBXProject section */

/* Begin PBXResourcesBuildPhase section */
		92B9CC6427FA5E9000EAB14D /* Resources */ = {
			isa = PBXResourcesBuildPhase;
			buildActionMask = 2147483647;
			files = (
				92B9CC7127FA5E9000EAB14D /* Preview Assets.xcassets in Resources */,
				92B9CC6E27FA5E9000EAB14D /* Assets.xcassets in Resources */,
			);
			runOnlyForDeploymentPostprocessing = 0;
		};
/* End PBXResourcesBuildPhase section */

/* Begin PBXSourcesBuildPhase section */
		92B9CC6227FA5E9000EAB14D /* Sources */ = {
			isa = PBXSourcesBuildPhase;
			buildActionMask = 2147483647;
			files = (
				92B9CC8827FA82E500EAB14D /* ContentViewModel.swift in Sources */,
				92B9CC6C27FA5E9000EAB14D /* ContentView.swift in Sources */,
				92B9CC6A27FA5E9000EAB14D /* FilterTheWorldApp.swift in Sources */,
				92B1455C27FBAD4700FEA13A /* ComparableExtension.swift in Sources */,
				92B9CC7927FA726600EAB14D /* CameraError.swift in Sources */,
				92B9CC8C27FA87AC00EAB14D /* ControlView.swift in Sources */,
				92B9CC7F27FA731500EAB14D /* FrameView.swift in Sources */,
				92B9CC8127FA75A200EAB14D /* CameraManager.swift in Sources */,
				92B9CC9027FA9C5600EAB14D /* MotionManager.swift in Sources */,
				92B9CC8527FA7EDD00EAB14D /* FrameManager.swift in Sources */,
				92B9CC8E27FA87C900EAB14D /* ToggleButton.swift in Sources */,
				92B9CC8A27FA872B00EAB14D /* ErrorView.swift in Sources */,
				92B1455A27FBA70F00FEA13A /* BindingExtension.swift in Sources */,
				92B9CC7C27FA728200EAB14D /* CGImageExtension.swift in Sources */,
			);
			runOnlyForDeploymentPostprocessing = 0;
		};
/* End PBXSourcesBuildPhase section */

/* Begin XCBuildConfiguration section */
		92B9CC7227FA5E9000EAB14D /* Debug */ = {
			isa = XCBuildConfiguration;
			buildSettings = {
				ALWAYS_SEARCH_USER_PATHS = NO;
				CLANG_ANALYZER_NONNULL = YES;
				CLANG_ANALYZER_NUMBER_OBJECT_CONVERSION = YES_AGGRESSIVE;
				CLANG_CXX_LANGUAGE_STANDARD = "gnu++17";
				CLANG_ENABLE_MODULES = YES;
				CLANG_ENABLE_OBJC_ARC = YES;
				CLANG_ENABLE_OBJC_WEAK = YES;
				CLANG_WARN_BLOCK_CAPTURE_AUTORELEASING = YES;
				CLANG_WARN_BOOL_CONVERSION = YES;
				CLANG_WARN_COMMA = YES;
				CLANG_WARN_CONSTANT_CONVERSION = YES;
				CLANG_WARN_DEPRECATED_OBJC_IMPLEMENTATIONS = YES;
				CLANG_WARN_DIRECT_OBJC_ISA_USAGE = YES_ERROR;
				CLANG_WARN_DOCUMENTATION_COMMENTS = YES;
				CLANG_WARN_EMPTY_BODY = YES;
				CLANG_WARN_ENUM_CONVERSION = YES;
				CLANG_WARN_INFINITE_RECURSION = YES;
				CLANG_WARN_INT_CONVERSION = YES;
				CLANG_WARN_NON_LITERAL_NULL_CONVERSION = YES;
				CLANG_WARN_OBJC_IMPLICIT_RETAIN_SELF = YES;
				CLANG_WARN_OBJC_LITERAL_CONVERSION = YES;
				CLANG_WARN_OBJC_ROOT_CLASS = YES_ERROR;
				CLANG_WARN_QUOTED_INCLUDE_IN_FRAMEWORK_HEADER = YES;
				CLANG_WARN_RANGE_LOOP_ANALYSIS = YES;
				CLANG_WARN_STRICT_PROTOTYPES = YES;
				CLANG_WARN_SUSPICIOUS_MOVE = YES;
				CLANG_WARN_UNGUARDED_AVAILABILITY = YES_AGGRESSIVE;
				CLANG_WARN_UNREACHABLE_CODE = YES;
				CLANG_WARN__DUPLICATE_METHOD_MATCH = YES;
				COPY_PHASE_STRIP = NO;
				DEBUG_INFORMATION_FORMAT = dwarf;
				ENABLE_STRICT_OBJC_MSGSEND = YES;
				ENABLE_TESTABILITY = YES;
				GCC_C_LANGUAGE_STANDARD = gnu11;
				GCC_DYNAMIC_NO_PIC = NO;
				GCC_NO_COMMON_BLOCKS = YES;
				GCC_OPTIMIZATION_LEVEL = 0;
				GCC_PREPROCESSOR_DEFINITIONS = (
					"DEBUG=1",
					"$(inherited)",
				);
				GCC_WARN_64_TO_32_BIT_CONVERSION = YES;
				GCC_WARN_ABOUT_RETURN_TYPE = YES_ERROR;
				GCC_WARN_UNDECLARED_SELECTOR = YES;
				GCC_WARN_UNINITIALIZED_AUTOS = YES_AGGRESSIVE;
				GCC_WARN_UNUSED_FUNCTION = YES;
				GCC_WARN_UNUSED_VARIABLE = YES;
				IPHONEOS_DEPLOYMENT_TARGET = 15.4;
				MTL_ENABLE_DEBUG_INFO = INCLUDE_SOURCE;
				MTL_FAST_MATH = YES;
				ONLY_ACTIVE_ARCH = YES;
				SDKROOT = iphoneos;
				SWIFT_ACTIVE_COMPILATION_CONDITIONS = DEBUG;
				SWIFT_OPTIMIZATION_LEVEL = "-Onone";
			};
			name = Debug;
		};
		92B9CC7327FA5E9000EAB14D /* Release */ = {
			isa = XCBuildConfiguration;
			buildSettings = {
				ALWAYS_SEARCH_USER_PATHS = NO;
				CLANG_ANALYZER_NONNULL = YES;
				CLANG_ANALYZER_NUMBER_OBJECT_CONVERSION = YES_AGGRESSIVE;
				CLANG_CXX_LANGUAGE_STANDARD = "gnu++17";
				CLANG_ENABLE_MODULES = YES;
				CLANG_ENABLE_OBJC_ARC = YES;
				CLANG_ENABLE_OBJC_WEAK = YES;
				CLANG_WARN_BLOCK_CAPTURE_AUTORELEASING = YES;
				CLANG_WARN_BOOL_CONVERSION = YES;
				CLANG_WARN_COMMA = YES;
				CLANG_WARN_CONSTANT_CONVERSION = YES;
				CLANG_WARN_DEPRECATED_OBJC_IMPLEMENTATIONS = YES;
				CLANG_WARN_DIRECT_OBJC_ISA_USAGE = YES_ERROR;
				CLANG_WARN_DOCUMENTATION_COMMENTS = YES;
				CLANG_WARN_EMPTY_BODY = YES;
				CLANG_WARN_ENUM_CONVERSION = YES;
				CLANG_WARN_INFINITE_RECURSION = YES;
				CLANG_WARN_INT_CONVERSION = YES;
				CLANG_WARN_NON_LITERAL_NULL_CONVERSION = YES;
				CLANG_WARN_OBJC_IMPLICIT_RETAIN_SELF = YES;
				CLANG_WARN_OBJC_LITERAL_CONVERSION = YES;
				CLANG_WARN_OBJC_ROOT_CLASS = YES_ERROR;
				CLANG_WARN_QUOTED_INCLUDE_IN_FRAMEWORK_HEADER = YES;
				CLANG_WARN_RANGE_LOOP_ANALYSIS = YES;
				CLANG_WARN_STRICT_PROTOTYPES = YES;
				CLANG_WARN_SUSPICIOUS_MOVE = YES;
				CLANG_WARN_UNGUARDED_AVAILABILITY = YES_AGGRESSIVE;
				CLANG_WARN_UNREACHABLE_CODE = YES;
				CLANG_WARN__DUPLICATE_METHOD_MATCH = YES;
				COPY_PHASE_STRIP = NO;
				DEBUG_INFORMATION_FORMAT = "dwarf-with-dsym";
				ENABLE_NS_ASSERTIONS = NO;
				ENABLE_STRICT_OBJC_MSGSEND = YES;
				GCC_C_LANGUAGE_STANDARD = gnu11;
				GCC_NO_COMMON_BLOCKS = YES;
				GCC_WARN_64_TO_32_BIT_CONVERSION = YES;
				GCC_WARN_ABOUT_RETURN_TYPE = YES_ERROR;
				GCC_WARN_UNDECLARED_SELECTOR = YES;
				GCC_WARN_UNINITIALIZED_AUTOS = YES_AGGRESSIVE;
				GCC_WARN_UNUSED_FUNCTION = YES;
				GCC_WARN_UNUSED_VARIABLE = YES;
				IPHONEOS_DEPLOYMENT_TARGET = 15.4;
				MTL_ENABLE_DEBUG_INFO = NO;
				MTL_FAST_MATH = YES;
				SDKROOT = iphoneos;
				SWIFT_COMPILATION_MODE = wholemodule;
				SWIFT_OPTIMIZATION_LEVEL = "-O";
				VALIDATE_PRODUCT = YES;
			};
			name = Release;
		};
		92B9CC7527FA5E9000EAB14D /* Debug */ = {
			isa = XCBuildConfiguration;
			buildSettings = {
				ASSETCATALOG_COMPILER_APPICON_NAME = AppIcon;
				ASSETCATALOG_COMPILER_GLOBAL_ACCENT_COLOR_NAME = AccentColor;
				CODE_SIGN_STYLE = Automatic;
				CURRENT_PROJECT_VERSION = 1;
				DEVELOPMENT_ASSET_PATHS = "\"FilterTheWorld/Preview Content\"";
				DEVELOPMENT_TEAM = 89U6PQRFL7;
				ENABLE_PREVIEWS = YES;
				GENERATE_INFOPLIST_FILE = YES;
				INFOPLIST_KEY_NSCameraUsageDescription = "Need access to camera to filter the world";
				INFOPLIST_KEY_UIApplicationSceneManifest_Generation = YES;
				INFOPLIST_KEY_UIApplicationSupportsIndirectInputEvents = YES;
				INFOPLIST_KEY_UILaunchScreen_Generation = YES;
				INFOPLIST_KEY_UISupportedInterfaceOrientations_iPad = "UIInterfaceOrientationPortrait UIInterfaceOrientationPortraitUpsideDown UIInterfaceOrientationLandscapeLeft UIInterfaceOrientationLandscapeRight";
				INFOPLIST_KEY_UISupportedInterfaceOrientations_iPhone = "UIInterfaceOrientationPortrait UIInterfaceOrientationLandscapeLeft UIInterfaceOrientationLandscapeRight";
				IPHONEOS_DEPLOYMENT_TARGET = 15.0;
				LD_RUNPATH_SEARCH_PATHS = (
					"$(inherited)",
					"@executable_path/Frameworks",
				);
				MARKETING_VERSION = 1.0;
				PRODUCT_BUNDLE_IDENTIFIER = com.akatz.FilterTheWorld;
				PRODUCT_NAME = "$(TARGET_NAME)";
				SWIFT_EMIT_LOC_STRINGS = YES;
				SWIFT_VERSION = 5.0;
				TARGETED_DEVICE_FAMILY = "1,2";
			};
			name = Debug;
		};
		92B9CC7627FA5E9000EAB14D /* Release */ = {
			isa = XCBuildConfiguration;
			buildSettings = {
				ASSETCATALOG_COMPILER_APPICON_NAME = AppIcon;
				ASSETCATALOG_COMPILER_GLOBAL_ACCENT_COLOR_NAME = AccentColor;
				CODE_SIGN_STYLE = Automatic;
				CURRENT_PROJECT_VERSION = 1;
				DEVELOPMENT_ASSET_PATHS = "\"FilterTheWorld/Preview Content\"";
				DEVELOPMENT_TEAM = 89U6PQRFL7;
				ENABLE_PREVIEWS = YES;
				GENERATE_INFOPLIST_FILE = YES;
				INFOPLIST_KEY_NSCameraUsageDescription = "Need access to camera to filter the world";
				INFOPLIST_KEY_UIApplicationSceneManifest_Generation = YES;
				INFOPLIST_KEY_UIApplicationSupportsIndirectInputEvents = YES;
				INFOPLIST_KEY_UILaunchScreen_Generation = YES;
				INFOPLIST_KEY_UISupportedInterfaceOrientations_iPad = "UIInterfaceOrientationPortrait UIInterfaceOrientationPortraitUpsideDown UIInterfaceOrientationLandscapeLeft UIInterfaceOrientationLandscapeRight";
				INFOPLIST_KEY_UISupportedInterfaceOrientations_iPhone = "UIInterfaceOrientationPortrait UIInterfaceOrientationLandscapeLeft UIInterfaceOrientationLandscapeRight";
				IPHONEOS_DEPLOYMENT_TARGET = 15.0;
				LD_RUNPATH_SEARCH_PATHS = (
					"$(inherited)",
					"@executable_path/Frameworks",
				);
				MARKETING_VERSION = 1.0;
				PRODUCT_BUNDLE_IDENTIFIER = com.akatz.FilterTheWorld;
				PRODUCT_NAME = "$(TARGET_NAME)";
				SWIFT_EMIT_LOC_STRINGS = YES;
				SWIFT_VERSION = 5.0;
				TARGETED_DEVICE_FAMILY = "1,2";
			};
			name = Release;
		};
/* End XCBuildConfiguration section */

/* Begin XCConfigurationList section */
		92B9CC6127FA5E9000EAB14D /* Build configuration list for PBXProject "FilterTheWorld" */ = {
			isa = XCConfigurationList;
			buildConfigurations = (
				92B9CC7227FA5E9000EAB14D /* Debug */,
				92B9CC7327FA5E9000EAB14D /* Release */,
			);
			defaultConfigurationIsVisible = 0;
			defaultConfigurationName = Release;
		};
		92B9CC7427FA5E9000EAB14D /* Build configuration list for PBXNativeTarget "FilterTheWorld" */ = {
			isa = XCConfigurationList;
			buildConfigurations = (
				92B9CC7527FA5E9000EAB14D /* Debug */,
				92B9CC7627FA5E9000EAB14D /* Release */,
			);
			defaultConfigurationIsVisible = 0;
			defaultConfigurationName = Release;
		};
/* End XCConfigurationList section */
	};
	rootObject = 92B9CC5E27FA5E9000EAB14D /* Project object */;
}
